
Microsoft Visual Studio Solution File, Format Version 12.00
# Visual Studio 15
Project("{FAE04EC0-301F-11D3-BF4B-00C04F79EFBC}") = "Assembly-CSharp", "Assembly-CSharp.csproj", "{DE0132C4-81CC-5F1C-B67D-0EDA8A1E72CB}"
EndProject
Global
	GlobalSection(SolutionConfigurationPlatforms) = preSolution
		Debug|Any CPU = Debug|Any CPU
		Release|Any CPU = Release|Any CPU
	EndGlobalSection
	GlobalSection(ProjectConfigurationPlatforms) = postSolution
		{DE0132C4-81CC-5F1C-B67D-0EDA8A1E72CB}.Debug|Any CPU.ActiveCfg = Debug|Any CPU
		{DE0132C4-81CC-5F1C-B67D-0EDA8A1E72CB}.Debug|Any CPU.Build.0 = Debug|Any CPU
		{DE0132C4-81CC-5F1C-B67D-0EDA8A1E72CB}.Release|Any CPU.ActiveCfg = Release|Any CPU
		{DE0132C4-81CC-5F1C-B67D-0EDA8A1E72CB}.Release|Any CPU.Build.0 = Release|Any CPU
	EndGlobalSection
	GlobalSection(SolutionProperties) = preSolution
		HideSolutionNode = FALSE
	EndGlobalSection
EndGlobal
